<?xml version="1.0" encoding="utf-8"?>
<Project ToolsVersion="15.0" xmlns="http://schemas.microsoft.com/developer/msbuild/2003">
  <ItemGroup>
    <Filter Include="Source Files">
      <UniqueIdentifier>{D1B24397-F2FA-395C-A20A-4CE8BE9135F5}</UniqueIdentifier>
    </Filter>
    <Filter Include="Header Files">
      <UniqueIdentifier>{C9B2CB64-F264-385F-A1AF-4785C5031AB6}</UniqueIdentifier>
    </Filter>
  </ItemGroup>
  <ItemGroup>
    <Text Include="..\CMakeLists.txt" />
  </ItemGroup>
  <ItemGroup>
    <ClCompile Include="context.c">
      <Filter>Source Files</Filter>
    </ClCompile>
    <ClCompile Include="egl_context.c">
      <Filter>Source Files</Filter>
    </ClCompile>
    <ClCompile Include="init.c">
      <Filter>Source Files</Filter>
    </ClCompile>
    <ClCompile Include="input.c">
      <Filter>Source Files</Filter>
    </ClCompile>
    <ClCompile Include="monitor.c">
      <Filter>Source Files</Filter>
    </ClCompile>
    <ClCompile Include="null_init.c">
      <Filter>Source Files</Filter>
    </ClCompile>
    <ClCompile Include="null_joystick.c">
      <Filter>Source Files</Filter>
    </ClCompile>
    <ClCompile Include="null_monitor.c">
      <Filter>Source Files</Filter>
    </ClCompile>
    <ClCompile Include="osmesa_context.c">
      <Filter>Source Files</Filter>
    </ClCompile>
    <ClCompile Include="vulkan.c">
      <Filter>Source Files</Filter>
    </ClCompile>
    <ClCompile Include="wgl_context.c">
      <Filter>Source Files</Filter>
    </ClCompile>
    <ClCompile Include="win32_init.c">
      <Filter>Source Files</Filter>
    </ClCompile>
    <ClCompile Include="win32_joystick.c">
      <Filter>Source Files</Filter>
    </ClCompile>
    <ClCompile Include="win32_monitor.c">
      <Filter>Source Files</Filter>
    </ClCompile>
    <ClCompile Include="win32_thread.c">
      <Filter>Source Files</Filter>
    </ClCompile>
    <ClCompile Include="win32_time.c">
      <Filter>Source Files</Filter>
    </ClCompile>
    <ClCompile Include="win32_window.c">
      <Filter>Source Files</Filter>
    </ClCompile>
    <ClCompile Include="window.c">
      <Filter>Source Files</Filter>
    </ClCompile>
    <ClCompile Include="xkb_unicode.c">
      <Filter>Source Files</Filter>
    </ClCompile>
  </ItemGroup>
  <ItemGroup>
    <ClInclude Include="cocoa_joystick.h">
      <Filter>Header Files</Filter>
    </ClInclude>
    <ClInclude Include="cocoa_platform.h">
      <Filter>Header Files</Filter>
    </ClInclude>
    <ClInclude Include="egl_context.h">
      <Filter>Header Files</Filter>
    </ClInclude>
    <ClInclude Include="glx_context.h">
      <Filter>Header Files</Filter>
    </ClInclude>
    <ClInclude Include="internal.h">
      <Filter>Header Files</Filter>
    </ClInclude>
    <ClInclude Include="linux_joystick.h">
      <Filter>Header Files</Filter>
    </ClInclude>
    <ClInclude Include="mappings.h">
      <Filter>Header Files</Filter>
    </ClInclude>
    <ClInclude Include="mir_platform.h">
      <Filter>Header Files</Filter>
    </ClInclude>
    <ClInclude Include="nsgl_context.h">
      <Filter>Header Files</Filter>
    </ClInclude>
    <ClInclude Include="null_joystick.h">
      <Filter>Header Files</Filter>
    </ClInclude>
    <ClInclude Include="null_platform.h">
      <Filter>Header Files</Filter>
    </ClInclude>
    <ClInclude Include="osmesa_context.h">
      <Filter>Header Files</Filter>
    </ClInclude>
    <ClInclude Include="posix_thread.h">
      <Filter>Header Files</Filter>
    </ClInclude>
    <ClInclude Include="posix_time.h">
      <Filter>Header Files</Filter>
    </ClInclude>
    <ClInclude Include="wgl_context.h">
      <Filter>Header Files</Filter>
    </ClInclude>
    <ClInclude Include="win32_joystick.h">
      <Filter>Header Files</Filter>
    </ClInclude>
    <ClInclude Include="win32_platform.h">
      <Filter>Header Files</Filter>
    </ClInclude>
    <ClInclude Include="wl_platform.h">
      <Filter>Header Files</Filter>
    </ClInclude>
    <ClInclude Include="x11_platform.h">
      <Filter>Header Files</Filter>
    </ClInclude>
    <ClInclude Include="xkb_unicode.h">
      <Filter>Header Files</Filter>
    </ClInclude>
  </ItemGroup>
  <ItemGroup>
    <None Include="glfw_config.h">
      <Filter>Header Files</Filter>
    </None>
  </ItemGroup>
</Project>